{"filter":false,"title":"Gemfile.lock","tooltip":"/photoapp/Gemfile.lock","undoManager":{"mark":-1,"position":-1,"stack":[[{"start":{"row":155,"column":17},"end":{"row":155,"column":18},"action":"insert","lines":["6"],"id":3}],[{"start":{"row":155,"column":18},"end":{"row":155,"column":19},"action":"remove","lines":["3"],"id":2},{"start":{"row":155,"column":17},"end":{"row":155,"column":18},"action":"remove","lines":["1"]}]]},"ace":{"folds":[],"scrolltop":1430,"scrollleft":0,"selection":{"start":{"row":155,"column":17},"end":{"row":155,"column":19},"isBackwards":false},"options":{"guessTabSize":true,"useWrapMode":false,"wrapToView":true},"firstLineState":{"row":142,"state":"start","mode":"ace/mode/text"}},"timestamp":1554238743495,"hash":"73bc1c71886422cb72ecef576f6b4a15e907703e"}